{
  "name": "slack-stock-js",
  "version": "0.0.1",
  "lockfileVersion": 1,
  "requires": true,
  "dependencies": {
    "@sinonjs/commons": {
      "version": "1.3.0",
      "resolved": "https://registry.npmjs.org/@sinonjs/commons/-/commons-1.3.0.tgz",
      "integrity": "sha512-j4ZwhaHmwsCb4DlDOIWnI5YyKDNMoNThsmwEpfHx6a1EpsGZ9qYLxP++LMlmBRjtGptGHFsGItJ768snllFWpA==",
      "dev": true,
      "requires": {
        "type-detect": "4.0.8"
      }
    },
    "@sinonjs/formatio": {
      "version": "3.1.0",
      "resolved": "https://registry.npmjs.org/@sinonjs/formatio/-/formatio-3.1.0.tgz",
      "integrity": "sha512-ZAR2bPHOl4Xg6eklUGpsdiIJ4+J1SNag1DHHrG/73Uz/nVwXqjgUtRPLoS+aVyieN9cSbc0E4LsU984tWcDyNg==",
      "dev": true,
      "requires": {
        "@sinonjs/samsam": "^2 || ^3"
      }
    },
    "@sinonjs/samsam": {
      "version": "3.1.1",
      "resolved": "https://registry.npmjs.org/@sinonjs/samsam/-/samsam-3.1.1.tgz",
      "integrity": "sha512-ILlwvQUwAiaVBzr3qz8oT1moM7AIUHqUc2UmEjQcH9lLe+E+BZPwUMuc9FFojMswRK4r96x5zDTTrowMLw/vuA==",
      "dev": true,
      "requires": {
        "@sinonjs/commons": "^1.0.2",
        "array-from": "^2.1.1",
        "lodash": "^4.17.11"
      }
    },
    "@sinonjs/text-encoding": {
      "version": "0.7.1",
      "resolved": "https://registry.npmjs.org/@sinonjs/text-encoding/-/text-encoding-0.7.1.tgz",
      "integrity": "sha512-+iTbntw2IZPb/anVDbypzfQa+ay64MW0Zo8aJ8gZPWMMK6/OubMVb6lUPMagqjOPnmtauXnFCACVl3O7ogjeqQ==",
      "dev": true
    },
    "array-from": {
      "version": "2.1.1",
      "resolved": "https://registry.npmjs.org/array-from/-/array-from-2.1.1.tgz",
      "integrity": "sha1-z+nYwmYoudxa7MYqn12PHzUsEZU=",
      "dev": true
    },
    "async": {
      "version": "0.2.10",
      "resolved": "http://registry.npmjs.org/async/-/async-0.2.10.tgz",
      "integrity": "sha1-trvgsGdLnXGXCMo43owjfLUmw9E="
    },
    "boom": {
      "version": "2.10.1",
      "resolved": "https://registry.npmjs.org/boom/-/boom-2.10.1.tgz",
      "integrity": "sha1-OciRjO/1eZ+D+UkqhI9iWt0Mdm8=",
      "requires": {
        "hoek": "2.x.x"
      },
      "dependencies": {
        "hoek": {
          "version": "2.16.3",
          "resolved": "https://registry.npmjs.org/hoek/-/hoek-2.16.3.tgz",
          "integrity": "sha1-ILt0A9POo5jpHcRxCo/xuCdKJe0="
        }
      }
    },
    "catbox": {
      "version": "1.2.0",
      "resolved": "http://registry.npmjs.org/catbox/-/catbox-1.2.0.tgz",
      "integrity": "sha1-4MFGC7TqRYTvzTvbSr1hpy7ODn4=",
      "requires": {
        "hoek": "1.x.x"
      }
    },
    "core-util-is": {
      "version": "1.0.2",
      "resolved": "https://registry.npmjs.org/core-util-is/-/core-util-is-1.0.2.tgz",
      "integrity": "sha1-tf1UIgqivFq1eqtxQMlAdUUDwac="
    },
    "cryptiles": {
      "version": "2.0.5",
      "resolved": "https://registry.npmjs.org/cryptiles/-/cryptiles-2.0.5.tgz",
      "integrity": "sha1-O9/s3GCBR8HGcgL6KR59ylnqo7g=",
      "requires": {
        "boom": "2.x.x"
      }
    },
    "deep-equal": {
      "version": "0.2.2",
      "resolved": "https://registry.npmjs.org/deep-equal/-/deep-equal-0.2.2.tgz",
      "integrity": "sha1-hLdFiW80xoTpjyzg5Cq69Du6AX0=",
      "dev": true
    },
    "defined": {
      "version": "0.0.0",
      "resolved": "https://registry.npmjs.org/defined/-/defined-0.0.0.tgz",
      "integrity": "sha1-817qfXBekzuvE7LwOz+D2SFAOz4=",
      "dev": true
    },
    "diff": {
      "version": "3.5.0",
      "resolved": "https://registry.npmjs.org/diff/-/diff-3.5.0.tgz",
      "integrity": "sha512-A46qtFgd+g7pDZinpnwiRJtxbC1hpgf0uzP3iG89scHk0AUC7A1TGxf5OiiOUv/JMZR8GOt8hL900hV0bOy5xA==",
      "dev": true
    },
    "encoding": {
      "version": "0.1.12",
      "resolved": "https://registry.npmjs.org/encoding/-/encoding-0.1.12.tgz",
      "integrity": "sha1-U4tm8+5izRq1HsMjgp0flIDHS+s=",
      "requires": {
        "iconv-lite": "~0.4.13"
      }
    },
    "hapi": {
      "version": "2.6.0",
      "resolved": "http://registry.npmjs.org/hapi/-/hapi-2.6.0.tgz",
      "integrity": "sha1-CvkUDfItvlwXKOl9pWXaAV8GgTQ=",
      "requires": {
        "async": "0.2.x",
        "boom": "^2.2.x",
        "catbox": "1.x.x",
        "cryptiles": "2.x.x",
        "hoek": "^1.5.x",
        "iron": "2.x.x",
        "joi": "^2.7.x",
        "lru-cache": "2.5.x",
        "mime": "1.2.x",
        "multiparty": "3.2.x",
        "negotiator": "0.4.x",
        "nipple": "2.x.x",
        "optimist": "0.6.x",
        "qs": "0.6.x",
        "semver": "2.2.x",
        "shot": "1.x.x"
      }
    },
    "has-flag": {
      "version": "3.0.0",
      "resolved": "https://registry.npmjs.org/has-flag/-/has-flag-3.0.0.tgz",
      "integrity": "sha1-tdRU3CGZriJWmfNGfloH87lVuv0=",
      "dev": true
    },
    "hoek": {
      "version": "1.5.2",
      "resolved": "https://registry.npmjs.org/hoek/-/hoek-1.5.2.tgz",
      "integrity": "sha1-0QOBFcMEb68RuwicJei0CbG32Mo="
    },
    "iconv-lite": {
      "version": "0.4.24",
      "resolved": "https://registry.npmjs.org/iconv-lite/-/iconv-lite-0.4.24.tgz",
      "integrity": "sha512-v3MXnZAcvnywkTUEZomIActle7RXXeedOR31wwl7VlyoXO4Qi9arvSenNQWne1TcRwhCL1HwLI21bEqdpj8/rA==",
      "requires": {
        "safer-buffer": ">= 2.1.2 < 3"
      }
    },
    "iex-api": {
      "version": "0.0.3",
      "resolved": "https://registry.npmjs.org/iex-api/-/iex-api-0.0.3.tgz",
      "integrity": "sha1-rnQtxp47SjIAAaqAArwT2hUGPmc="
    },
    "inherits": {
      "version": "2.0.3",
      "resolved": "https://registry.npmjs.org/inherits/-/inherits-2.0.3.tgz",
      "integrity": "sha1-Yzwsg+PaQqUC9SRmAiSA9CCCYd4="
    },
    "iron": {
      "version": "2.1.3",
      "resolved": "https://registry.npmjs.org/iron/-/iron-2.1.3.tgz",
      "integrity": "sha1-cbjzV9gGquA6kKdFuaqv/sfi3eQ=",
      "requires": {
        "boom": "2.x.x",
        "cryptiles": "2.x.x",
        "hoek": "2.x.x"
      },
      "dependencies": {
        "hoek": {
          "version": "2.16.3",
          "resolved": "https://registry.npmjs.org/hoek/-/hoek-2.16.3.tgz",
          "integrity": "sha1-ILt0A9POo5jpHcRxCo/xuCdKJe0="
        }
      }
    },
    "is-stream": {
      "version": "1.1.0",
      "resolved": "https://registry.npmjs.org/is-stream/-/is-stream-1.1.0.tgz",
      "integrity": "sha1-EtSj3U5o4Lec6428hBc66A2RykQ="
    },
    "isarray": {
      "version": "0.0.1",
      "resolved": "https://registry.npmjs.org/isarray/-/isarray-0.0.1.tgz",
      "integrity": "sha1-ihis/Kmo9Bd+Cav8YDiTmwXR7t8="
    },
    "isomorphic-fetch": {
      "version": "2.2.1",
      "resolved": "https://registry.npmjs.org/isomorphic-fetch/-/isomorphic-fetch-2.2.1.tgz",
      "integrity": "sha1-YRrhrPFPXoH3KVB0coGf6XM1WKk=",
      "requires": {
        "node-fetch": "^1.0.1",
        "whatwg-fetch": ">=0.10.0"
      }
    },
    "joi": {
      "version": "2.9.0",
      "resolved": "http://registry.npmjs.org/joi/-/joi-2.9.0.tgz",
      "integrity": "sha1-mV4KZhwqhHMI1buZAmTUOdLKSdY=",
      "requires": {
        "hoek": "1.x.x"
      }
    },
    "jsonify": {
      "version": "0.0.0",
      "resolved": "https://registry.npmjs.org/jsonify/-/jsonify-0.0.0.tgz",
      "integrity": "sha1-LHS27kHZPKUbe1qu6PUDYx0lKnM=",
      "dev": true
    },
    "just-extend": {
      "version": "4.0.2",
      "resolved": "https://registry.npmjs.org/just-extend/-/just-extend-4.0.2.tgz",
      "integrity": "sha512-FrLwOgm+iXrPV+5zDU6Jqu4gCRXbWEQg2O3SKONsWE4w7AXFRkryS53bpWdaL9cNol+AmR3AEYz6kn+o0fCPnw==",
      "dev": true
    },
    "lodash": {
      "version": "4.17.11",
      "resolved": "https://registry.npmjs.org/lodash/-/lodash-4.17.11.tgz",
      "integrity": "sha512-cQKh8igo5QUhZ7lg38DYWAxMvjSAKG0A8wGSVimP07SIUEK2UO+arSRKbRZWtelMtN5V0Hkwh5ryOto/SshYIg==",
      "dev": true
    },
    "lolex": {
      "version": "3.1.0",
      "resolved": "https://registry.npmjs.org/lolex/-/lolex-3.1.0.tgz",
      "integrity": "sha512-zFo5MgCJ0rZ7gQg69S4pqBsLURbFw11X68C18OcJjJQbqaXm2NoTrGl1IMM3TIz0/BnN1tIs2tzmmqvCsOMMjw==",
      "dev": true
    },
    "lru-cache": {
      "version": "2.5.2",
      "resolved": "https://registry.npmjs.org/lru-cache/-/lru-cache-2.5.2.tgz",
      "integrity": "sha1-H92tk4quEmPOE4aAvhs/WRwKtBw="
    },
    "mime": {
      "version": "1.2.11",
      "resolved": "https://registry.npmjs.org/mime/-/mime-1.2.11.tgz",
      "integrity": "sha1-WCA+7Ybjpe8XrtK32evUfwpg3RA="
    },
    "minimist": {
      "version": "0.0.10",
      "resolved": "http://registry.npmjs.org/minimist/-/minimist-0.0.10.tgz",
      "integrity": "sha1-3j+YVD2/lggr5IrRoMfNqDYwHc8="
    },
    "multiparty": {
      "version": "3.2.10",
      "resolved": "https://registry.npmjs.org/multiparty/-/multiparty-3.2.10.tgz",
      "integrity": "sha1-+JghtveRKb8R/5v5NPSRHew9KcM=",
      "requires": {
        "readable-stream": "~1.1.9",
        "stream-counter": "~0.2.0"
      }
    },
    "negotiator": {
      "version": "0.4.9",
      "resolved": "https://registry.npmjs.org/negotiator/-/negotiator-0.4.9.tgz",
      "integrity": "sha1-kuRrbbU8fkIe1koryU8IvnYw3z8="
    },
    "nipple": {
      "version": "2.5.6",
      "resolved": "https://registry.npmjs.org/nipple/-/nipple-2.5.6.tgz",
      "integrity": "sha1-vswCWKmovX5V+vhd1sHgu1uYGkI=",
      "requires": {
        "boom": "2.x.x",
        "hoek": "2.x.x"
      },
      "dependencies": {
        "hoek": {
          "version": "2.16.3",
          "resolved": "https://registry.npmjs.org/hoek/-/hoek-2.16.3.tgz",
          "integrity": "sha1-ILt0A9POo5jpHcRxCo/xuCdKJe0="
        }
      }
    },
    "nise": {
      "version": "1.4.10",
      "resolved": "https://registry.npmjs.org/nise/-/nise-1.4.10.tgz",
      "integrity": "sha512-sa0RRbj53dovjc7wombHmVli9ZihXbXCQ2uH3TNm03DyvOSIQbxg+pbqDKrk2oxMK1rtLGVlKxcB9rrc6X5YjA==",
      "dev": true,
      "requires": {
        "@sinonjs/formatio": "^3.1.0",
        "@sinonjs/text-encoding": "^0.7.1",
        "just-extend": "^4.0.2",
        "lolex": "^2.3.2",
        "path-to-regexp": "^1.7.0"
      },
      "dependencies": {
        "lolex": {
          "version": "2.7.5",
          "resolved": "https://registry.npmjs.org/lolex/-/lolex-2.7.5.tgz",
          "integrity": "sha512-l9x0+1offnKKIzYVjyXU2SiwhXDLekRzKyhnbyldPHvC7BvLPVpdNUNR2KeMAiCN2D/kLNttZgQD5WjSxuBx3Q==",
          "dev": true
        }
      }
    },
    "node-fetch": {
      "version": "1.7.3",
      "resolved": "https://registry.npmjs.org/node-fetch/-/node-fetch-1.7.3.tgz",
      "integrity": "sha512-NhZ4CsKx7cYm2vSrBAr2PvFOe6sWDf0UYLRqA6svUYg7+/TSfVAu49jYC4BvQ4Sms9SZgdqGBgroqfDhJdTyKQ==",
      "requires": {
        "encoding": "^0.1.11",
        "is-stream": "^1.0.1"
      }
    },
    "optimist": {
      "version": "0.6.1",
      "resolved": "https://registry.npmjs.org/optimist/-/optimist-0.6.1.tgz",
      "integrity": "sha1-2j6nRob6IaGaERwybpDrFaAZZoY=",
      "requires": {
        "minimist": "~0.0.1",
        "wordwrap": "~0.0.2"
      }
    },
    "path-to-regexp": {
      "version": "1.7.0",
      "resolved": "https://registry.npmjs.org/path-to-regexp/-/path-to-regexp-1.7.0.tgz",
      "integrity": "sha1-Wf3g9DW62suhA6hOnTvGTpa5k30=",
      "dev": true,
      "requires": {
        "isarray": "0.0.1"
      }
    },
    "qs": {
      "version": "0.6.6",
      "resolved": "https://registry.npmjs.org/qs/-/qs-0.6.6.tgz",
      "integrity": "sha1-bgFQmP9RlouKPIGQAdXyyJvEsQc="
    },
    "readable-stream": {
      "version": "1.1.14",
      "resolved": "http://registry.npmjs.org/readable-stream/-/readable-stream-1.1.14.tgz",
      "integrity": "sha1-fPTFTvZI44EwhMY23SB54WbAgdk=",
      "requires": {
        "core-util-is": "~1.0.0",
        "inherits": "~2.0.1",
        "isarray": "0.0.1",
        "string_decoder": "~0.10.x"
      }
    },
    "resumer": {
      "version": "0.0.0",
      "resolved": "https://registry.npmjs.org/resumer/-/resumer-0.0.0.tgz",
      "integrity": "sha1-8ej0YeQGS6Oegq883CqMiT0HZ1k=",
      "dev": true,
      "requires": {
        "through": "~2.3.4"
      }
    },
    "safer-buffer": {
      "version": "2.1.2",
      "resolved": "https://registry.npmjs.org/safer-buffer/-/safer-buffer-2.1.2.tgz",
      "integrity": "sha512-YZo3K82SD7Riyi0E1EQPojLz7kpepnSQI9IyPbHHg1XXXevb5dJI7tpyN2ADxGcQbHG7vcyRHk0cbwqcQriUtg=="
    },
    "semver": {
      "version": "2.2.1",
      "resolved": "http://registry.npmjs.org/semver/-/semver-2.2.1.tgz",
      "integrity": "sha1-eUEYKz/8xYC/8cF5QqzfeVHA0hM="
    },
    "shot": {
      "version": "1.7.0",
      "resolved": "https://registry.npmjs.org/shot/-/shot-1.7.0.tgz",
      "integrity": "sha1-8jKdfvM6/PA9RM5Bq66BSK4XBTI=",
      "requires": {
        "hoek": "2.x.x"
      },
      "dependencies": {
        "hoek": {
          "version": "2.16.3",
          "resolved": "https://registry.npmjs.org/hoek/-/hoek-2.16.3.tgz",
          "integrity": "sha1-ILt0A9POo5jpHcRxCo/xuCdKJe0="
        }
      }
    },
    "sinon": {
      "version": "7.2.3",
      "resolved": "https://registry.npmjs.org/sinon/-/sinon-7.2.3.tgz",
      "integrity": "sha512-i6j7sqcLEqTYqUcMV327waI745VASvYuSuQMCjbAwlpAeuCgKZ3LtrjDxAbu+GjNQR0FEDpywtwGCIh8GicNyg==",
      "dev": true,
      "requires": {
        "@sinonjs/commons": "^1.3.0",
        "@sinonjs/formatio": "^3.1.0",
        "@sinonjs/samsam": "^3.0.2",
        "diff": "^3.5.0",
        "lolex": "^3.0.0",
        "nise": "^1.4.8",
        "supports-color": "^5.5.0"
      }
    },
    "stream-counter": {
      "version": "0.2.0",
      "resolved": "https://registry.npmjs.org/stream-counter/-/stream-counter-0.2.0.tgz",
      "integrity": "sha1-3tJmVWMZyLDiIoErnPOyb6fZR94=",
      "requires": {
        "readable-stream": "~1.1.8"
      }
    },
    "string_decoder": {
      "version": "0.10.31",
      "resolved": "https://registry.npmjs.org/string_decoder/-/string_decoder-0.10.31.tgz",
      "integrity": "sha1-YuIDvEF2bGwoyfyEMB2rHFMQ+pQ="
    },
    "supports-color": {
      "version": "5.5.0",
      "resolved": "https://registry.npmjs.org/supports-color/-/supports-color-5.5.0.tgz",
      "integrity": "sha512-QjVjwdXIt408MIiAqCX4oUKsgU2EqAGzs2Ppkm4aQYbjm+ZEWEcW4SfFNTr4uMNZma0ey4f5lgLrkB0aX0QMow==",
      "dev": true,
      "requires": {
        "has-flag": "^3.0.0"
      }
    },
    "tape": {
      "version": "2.4.3",
      "resolved": "https://registry.npmjs.org/tape/-/tape-2.4.3.tgz",
      "integrity": "sha1-cgxDU2DxdHdOMDqlK0+e7DITZtg=",
      "dev": true,
      "requires": {
        "deep-equal": "~0.2.0",
        "defined": "~0.0.0",
        "inherits": "~2.0.1",
        "jsonify": "~0.0.0",
        "resumer": "~0.0.0",
        "through": "~2.3.4"
      }
    },
    "through": {
      "version": "2.3.8",
      "resolved": "http://registry.npmjs.org/through/-/through-2.3.8.tgz",
      "integrity": "sha1-DdTJ/6q8NXlgsbckEV1+Doai4fU=",
      "dev": true
    },
    "type-detect": {
      "version": "4.0.8",
      "resolved": "https://registry.npmjs.org/type-detect/-/type-detect-4.0.8.tgz",
      "integrity": "sha512-0fr/mIH1dlO+x7TlcMy+bIDqKPsw/70tVyeHW787goQjhmqaZe10uwLujubK9q9Lg6Fiho1KUKDYz0Z7k7g5/g==",
      "dev": true
    },
    "whatwg-fetch": {
      "version": "3.0.0",
      "resolved": "https://registry.npmjs.org/whatwg-fetch/-/whatwg-fetch-3.0.0.tgz",
      "integrity": "sha512-9GSJUgz1D4MfyKU7KRqwOjXCXTqWdFNvEr7eUBYchQiVc744mqK/MzXPNR2WsPkmkOa4ywfg8C2n8h+13Bey1Q=="
    },
    "wordwrap": {
      "version": "0.0.3",
      "resolved": "https://registry.npmjs.org/wordwrap/-/wordwrap-0.0.3.tgz",
      "integrity": "sha1-o9XabNXAvAAI03I0u68b7WMFkQc="
    },
    "wreck": {
      "version": "5.6.1",
      "resolved": "https://registry.npmjs.org/wreck/-/wreck-5.6.1.tgz",
      "integrity": "sha1-r/ADBAATiJ11YZtccYcN0qjdBpo=",
      "requires": {
        "boom": "2.x.x",
        "hoek": "2.x.x"
      },
      "dependencies": {
        "hoek": {
          "version": "2.16.3",
          "resolved": "https://registry.npmjs.org/hoek/-/hoek-2.16.3.tgz",
          "integrity": "sha1-ILt0A9POo5jpHcRxCo/xuCdKJe0="
        }
      }
    }
  }
}
